
Microsoft Visual Studio Solution File, Format Version 12.00
# Visual Studio Version 16
VisualStudioVersion = 16.0.28803.452
MinimumVisualStudioVersion = 10.0.40219.1
Project("{8BC9CEB8-8B4A-11D0-8D11-00A0C91BC942}") = "PP_Console", "PP_Console\PP_Console.vcxproj", "{049E9F16-AB1D-49CA-A71D-D2338D6C4D4E}"
EndProject
Project("{8BC9CEB8-8B4A-11D0-8D11-00A0C91BC942}") = "PP_GUI", "PP_GUI\PP_GUI.vcxproj", "{D56CC5B9-C1C5-449C-973D-B3333EBBE38B}"
EndProject
Global
	GlobalSection(SolutionConfigurationPlatforms) = preSolution
		Debug|x64 = Debug|x64
		Debug|x86 = Debug|x86
		Release|x64 = Release|x64
		Release|x86 = Release|x86
	EndGlobalSection
	GlobalSection(ProjectConfigurationPlatforms) = postSolution
		{049E9F16-AB1D-49CA-A71D-D2338D6C4D4E}.Debug|x64.ActiveCfg = Debug|x64
		{049E9F16-AB1D-49CA-A71D-D2338D6C4D4E}.Debug|x64.Build.0 = Debug|x64
		{049E9F16-AB1D-49CA-A71D-D2338D6C4D4E}.Debug|x86.ActiveCfg = Debug|Win32
		{049E9F16-AB1D-49CA-A71D-D2338D6C4D4E}.Debug|x86.Build.0 = Debug|Win32
		{049E9F16-AB1D-49CA-A71D-D2338D6C4D4E}.Release|x64.ActiveCfg = Release|x64
		{049E9F16-AB1D-49CA-A71D-D2338D6C4D4E}.Release|x64.Build.0 = Release|x64
		{049E9F16-AB1D-49CA-A71D-D2338D6C4D4E}.Release|x86.ActiveCfg = Release|Win32
		{049E9F16-AB1D-49CA-A71D-D2338D6C4D4E}.Release|x86.Build.0 = Release|Win32
		{D56CC5B9-C1C5-449C-973D-B3333EBBE38B}.Debug|x64.ActiveCfg = Debug|x64
		{D56CC5B9-C1C5-449C-973D-B3333EBBE38B}.Debug|x64.Build.0 = Debug|x64
		{D56CC5B9-C1C5-449C-973D-B3333EBBE38B}.Debug|x86.ActiveCfg = Debug|Win32
		{D56CC5B9-C1C5-449C-973D-B3333EBBE38B}.Debug|x86.Build.0 = Debug|Win32
		{D56CC5B9-C1C5-449C-973D-B3333EBBE38B}.Release|x64.ActiveCfg = Release|x64
		{D56CC5B9-C1C5-449C-973D-B3333EBBE38B}.Release|x64.Build.0 = Release|x64
		{D56CC5B9-C1C5-449C-973D-B3333EBBE38B}.Release|x86.ActiveCfg = Release|Win32
		{D56CC5B9-C1C5-449C-973D-B3333EBBE38B}.Release|x86.Build.0 = Release|Win32
	EndGlobalSection
	GlobalSection(SolutionProperties) = preSolution
		HideSolutionNode = FALSE
	EndGlobalSection
	GlobalSection(ExtensibilityGlobals) = postSolution
		SolutionGuid = {95836BE6-4476-44DE-A5DB-44C56799F505}
	EndGlobalSection
EndGlobal
